// !$*UTF8*$!
{
	archiveVersion = 1;
	classes = {
	};
	objectVersion = 50;
	objects = {

/* Begin PBXBuildFile section */
		A980B0BF22DBAB6100E26661 /* AppDelegate.swift in Sources */ = {isa = PBXBuildFile; fileRef = A980B0BE22DBAB6100E26661 /* AppDelegate.swift */; };
		A980B0C122DBAB6100E26661 /* ViewController.swift in Sources */ = {isa = PBXBuildFile; fileRef = A980B0C022DBAB6100E26661 /* ViewController.swift */; };
		A980B0C422DBAB6100E26661 /* Main.storyboard in Resources */ = {isa = PBXBuildFile; fileRef = A980B0C222DBAB6100E26661 /* Main.storyboard */; };
		A980B0C622DBAB6600E26661 /* Assets.xcassets in Resources */ = {isa = PBXBuildFile; fileRef = A980B0C522DBAB6600E26661 /* Assets.xcassets */; };
		A980B0C922DBAB6600E26661 /* LaunchScreen.storyboard in Resources */ = {isa = PBXBuildFile; fileRef = A980B0C722DBAB6600E26661 /* LaunchScreen.storyboard */; };
		A980B0D122DBABB900E26661 /* StargazerCategories.swift in Sources */ = {isa = PBXBuildFile; fileRef = A980B0D022DBABB900E26661 /* StargazerCategories.swift */; };
		A980B0D422DBADF800E26661 /* StargazerImages.swift in Sources */ = {isa = PBXBuildFile; fileRef = A980B0D322DBADF800E26661 /* StargazerImages.swift */; };
		A980B0D622DBB2E700E26661 /* StargazerConstants.swift in Sources */ = {isa = PBXBuildFile; fileRef = A980B0D522DBB2E700E26661 /* StargazerConstants.swift */; };
		A980B0D822DBB38A00E26661 /* StargazerCategoryItemListAdapter.swift in Sources */ = {isa = PBXBuildFile; fileRef = A980B0D722DBB38A00E26661 /* StargazerCategoryItemListAdapter.swift */; };
		A980B0DA22DBB4DD00E26661 /* StargazerModels.swift in Sources */ = {isa = PBXBuildFile; fileRef = A980B0D922DBB4DD00E26661 /* StargazerModels.swift */; };
		A980B0DC22DBD30600E26661 /* DateUtil.swift in Sources */ = {isa = PBXBuildFile; fileRef = A980B0DB22DBD30600E26661 /* DateUtil.swift */; };
		A980B0DE22DBDFE800E26661 /* String+Helpers.swift in Sources */ = {isa = PBXBuildFile; fileRef = A980B0DD22DBDFE800E26661 /* String+Helpers.swift */; };
		A980B0E022DBF07C00E26661 /* StargazerHelperModels.swift in Sources */ = {isa = PBXBuildFile; fileRef = A980B0DF22DBF07C00E26661 /* StargazerHelperModels.swift */; };
		A980B0E222DBF6AA00E26661 /* StargazerModelProperties.swift in Sources */ = {isa = PBXBuildFile; fileRef = A980B0E122DBF6AA00E26661 /* StargazerModelProperties.swift */; };
		A980B0E422DC0A0E00E26661 /* StargazerAPI.swift in Sources */ = {isa = PBXBuildFile; fileRef = A980B0E322DC0A0E00E26661 /* StargazerAPI.swift */; };
		A980B0F622DCDE5200E26661 /* UIViewController+xib.swift in Sources */ = {isa = PBXBuildFile; fileRef = A980B0F522DCDE5200E26661 /* UIViewController+xib.swift */; };
		A980B0F822DCE54A00E26661 /* HomeViewController.swift in Sources */ = {isa = PBXBuildFile; fileRef = A980B0F722DCE54A00E26661 /* HomeViewController.swift */; };
		A980B0FB22DCF60300E26661 /* MainCategoryTableViewCell.swift in Sources */ = {isa = PBXBuildFile; fileRef = A980B0F922DCF60300E26661 /* MainCategoryTableViewCell.swift */; };
		A980B0FC22DCF60300E26661 /* MainCategoryTableViewCell.xib in Resources */ = {isa = PBXBuildFile; fileRef = A980B0FA22DCF60300E26661 /* MainCategoryTableViewCell.xib */; };
		A980B0FF22DCF9B600E26661 /* BaseTableViewCell.swift in Sources */ = {isa = PBXBuildFile; fileRef = A980B0FE22DCF9B600E26661 /* BaseTableViewCell.swift */; };
		A980B10122DCFB3800E26661 /* StargazerCategoryAdapter.swift in Sources */ = {isa = PBXBuildFile; fileRef = A980B10022DCFB3800E26661 /* StargazerCategoryAdapter.swift */; };
		A980B10322DD0DB200E26661 /* UITableView+Cell.swift in Sources */ = {isa = PBXBuildFile; fileRef = A980B10222DD0DB200E26661 /* UITableView+Cell.swift */; };
		A9AEE45B22DD11A0006B7DE3 /* CategoryItemsViewController.swift in Sources */ = {isa = PBXBuildFile; fileRef = A9AEE45A22DD11A0006B7DE3 /* CategoryItemsViewController.swift */; };
		A9AEE45E22DD1551006B7DE3 /* CategoryItemsTableViewCell.swift in Sources */ = {isa = PBXBuildFile; fileRef = A9AEE45C22DD1551006B7DE3 /* CategoryItemsTableViewCell.swift */; };
		A9AEE45F22DD1551006B7DE3 /* CategoryItemsTableViewCell.xib in Resources */ = {isa = PBXBuildFile; fileRef = A9AEE45D22DD1551006B7DE3 /* CategoryItemsTableViewCell.xib */; };
		A9AEE46122DD164E006B7DE3 /* CircleInitialLabel.swift in Sources */ = {isa = PBXBuildFile; fileRef = A9AEE46022DD164E006B7DE3 /* CircleInitialLabel.swift */; };
		A9AEE46422DD16A6006B7DE3 /* CategoryItemHeaderView.swift in Sources */ = {isa = PBXBuildFile; fileRef = A9AEE46322DD16A6006B7DE3 /* CategoryItemHeaderView.swift */; };
		A9AEE46722DD16E2006B7DE3 /* CategoryItemDetailTableViewCell.swift in Sources */ = {isa = PBXBuildFile; fileRef = A9AEE46522DD16E2006B7DE3 /* CategoryItemDetailTableViewCell.swift */; };
		A9AEE46822DD16E2006B7DE3 /* CategoryItemDetailTableViewCell.xib in Resources */ = {isa = PBXBuildFile; fileRef = A9AEE46622DD16E2006B7DE3 /* CategoryItemDetailTableViewCell.xib */; };
		A9AEE46A22DD1CCC006B7DE3 /* UIViewController+Storyboard.swift in Sources */ = {isa = PBXBuildFile; fileRef = A9AEE46922DD1CCC006B7DE3 /* UIViewController+Storyboard.swift */; };
		A9AEE46C22DD34CA006B7DE3 /* BaseViewController.swift in Sources */ = {isa = PBXBuildFile; fileRef = A9AEE46B22DD34CA006B7DE3 /* BaseViewController.swift */; };
		A9AEE46E22DD35E2006B7DE3 /* NetworkActivityIndicator.swift in Sources */ = {isa = PBXBuildFile; fileRef = A9AEE46D22DD35E2006B7DE3 /* NetworkActivityIndicator.swift */; };
		A9AEE47022DD3779006B7DE3 /* UIViewController+Alert.swift in Sources */ = {isa = PBXBuildFile; fileRef = A9AEE46F22DD3779006B7DE3 /* UIViewController+Alert.swift */; };
		A9CF430222DD448E001854F1 /* ItemDetailViewController.swift in Sources */ = {isa = PBXBuildFile; fileRef = A9CF430122DD448E001854F1 /* ItemDetailViewController.swift */; };
		A9CF430522DD5337001854F1 /* ItemDetailHeaderView.swift in Sources */ = {isa = PBXBuildFile; fileRef = A9CF430322DD5337001854F1 /* ItemDetailHeaderView.swift */; };
		A9CF430622DD5337001854F1 /* ItemDetailHeaderView.xib in Resources */ = {isa = PBXBuildFile; fileRef = A9CF430422DD5337001854F1 /* ItemDetailHeaderView.xib */; };
		A9CF430B22DD5947001854F1 /* StargazerItemHeaderAdapter.swift in Sources */ = {isa = PBXBuildFile; fileRef = A9CF430A22DD5947001854F1 /* StargazerItemHeaderAdapter.swift */; };
		A9CF430D22DD5FAB001854F1 /* NibLoadableView.swift in Sources */ = {isa = PBXBuildFile; fileRef = A9CF430C22DD5FAB001854F1 /* NibLoadableView.swift */; };
/* End PBXBuildFile section */

/* Begin PBXFileReference section */
		A980B0BB22DBAB6100E26661 /* Stargazer.app */ = {isa = PBXFileReference; explicitFileType = wrapper.application; includeInIndex = 0; path = Stargazer.app; sourceTree = BUILT_PRODUCTS_DIR; };
		A980B0BE22DBAB6100E26661 /* AppDelegate.swift */ = {isa = PBXFileReference; lastKnownFileType = sourcecode.swift; path = AppDelegate.swift; sourceTree = "<group>"; };
		A980B0C022DBAB6100E26661 /* ViewController.swift */ = {isa = PBXFileReference; lastKnownFileType = sourcecode.swift; path = ViewController.swift; sourceTree = "<group>"; };
		A980B0C322DBAB6100E26661 /* Base */ = {isa = PBXFileReference; lastKnownFileType = file.storyboard; name = Base; path = Base.lproj/Main.storyboard; sourceTree = "<group>"; };
		A980B0C522DBAB6600E26661 /* Assets.xcassets */ = {isa = PBXFileReference; lastKnownFileType = folder.assetcatalog; path = Assets.xcassets; sourceTree = "<group>"; };
		A980B0C822DBAB6600E26661 /* Base */ = {isa = PBXFileReference; lastKnownFileType = file.storyboard; name = Base; path = Base.lproj/LaunchScreen.storyboard; sourceTree = "<group>"; };
		A980B0CA22DBAB6600E26661 /* Info.plist */ = {isa = PBXFileReference; lastKnownFileType = text.plist.xml; path = Info.plist; sourceTree = "<group>"; };
		A980B0D022DBABB900E26661 /* StargazerCategories.swift */ = {isa = PBXFileReference; lastKnownFileType = sourcecode.swift; path = StargazerCategories.swift; sourceTree = "<group>"; };
		A980B0D322DBADF800E26661 /* StargazerImages.swift */ = {isa = PBXFileReference; lastKnownFileType = sourcecode.swift; path = StargazerImages.swift; sourceTree = "<group>"; };
		A980B0D522DBB2E700E26661 /* StargazerConstants.swift */ = {isa = PBXFileReference; lastKnownFileType = sourcecode.swift; path = StargazerConstants.swift; sourceTree = "<group>"; };
		A980B0D722DBB38A00E26661 /* StargazerCategoryItemListAdapter.swift */ = {isa = PBXFileReference; lastKnownFileType = sourcecode.swift; path = StargazerCategoryItemListAdapter.swift; sourceTree = "<group>"; };
		A980B0D922DBB4DD00E26661 /* StargazerModels.swift */ = {isa = PBXFileReference; lastKnownFileType = sourcecode.swift; path = StargazerModels.swift; sourceTree = "<group>"; };
		A980B0DB22DBD30600E26661 /* DateUtil.swift */ = {isa = PBXFileReference; lastKnownFileType = sourcecode.swift; path = DateUtil.swift; sourceTree = "<group>"; };
		A980B0DD22DBDFE800E26661 /* String+Helpers.swift */ = {isa = PBXFileReference; lastKnownFileType = sourcecode.swift; path = "String+Helpers.swift"; sourceTree = "<group>"; };
		A980B0DF22DBF07C00E26661 /* StargazerHelperModels.swift */ = {isa = PBXFileReference; lastKnownFileType = sourcecode.swift; path = StargazerHelperModels.swift; sourceTree = "<group>"; };
		A980B0E122DBF6AA00E26661 /* StargazerModelProperties.swift */ = {isa = PBXFileReference; lastKnownFileType = sourcecode.swift; path = StargazerModelProperties.swift; sourceTree = "<group>"; };
		A980B0E322DC0A0E00E26661 /* StargazerAPI.swift */ = {isa = PBXFileReference; lastKnownFileType = sourcecode.swift; path = StargazerAPI.swift; sourceTree = "<group>"; };
		A980B0F522DCDE5200E26661 /* UIViewController+xib.swift */ = {isa = PBXFileReference; lastKnownFileType = sourcecode.swift; path = "UIViewController+xib.swift"; sourceTree = "<group>"; };
		A980B0F722DCE54A00E26661 /* HomeViewController.swift */ = {isa = PBXFileReference; lastKnownFileType = sourcecode.swift; path = HomeViewController.swift; sourceTree = "<group>"; };
		A980B0F922DCF60300E26661 /* MainCategoryTableViewCell.swift */ = {isa = PBXFileReference; lastKnownFileType = sourcecode.swift; path = MainCategoryTableViewCell.swift; sourceTree = "<group>"; };
		A980B0FA22DCF60300E26661 /* MainCategoryTableViewCell.xib */ = {isa = PBXFileReference; lastKnownFileType = file.xib; path = MainCategoryTableViewCell.xib; sourceTree = "<group>"; };
		A980B0FE22DCF9B600E26661 /* BaseTableViewCell.swift */ = {isa = PBXFileReference; lastKnownFileType = sourcecode.swift; path = BaseTableViewCell.swift; sourceTree = "<group>"; };
		A980B10022DCFB3800E26661 /* StargazerCategoryAdapter.swift */ = {isa = PBXFileReference; lastKnownFileType = sourcecode.swift; path = StargazerCategoryAdapter.swift; sourceTree = "<group>"; };
		A980B10222DD0DB200E26661 /* UITableView+Cell.swift */ = {isa = PBXFileReference; lastKnownFileType = sourcecode.swift; path = "UITableView+Cell.swift"; sourceTree = "<group>"; };
		A9AEE45A22DD11A0006B7DE3 /* CategoryItemsViewController.swift */ = {isa = PBXFileReference; lastKnownFileType = sourcecode.swift; path = CategoryItemsViewController.swift; sourceTree = "<group>"; };
		A9AEE45C22DD1551006B7DE3 /* CategoryItemsTableViewCell.swift */ = {isa = PBXFileReference; lastKnownFileType = sourcecode.swift; path = CategoryItemsTableViewCell.swift; sourceTree = "<group>"; };
		A9AEE45D22DD1551006B7DE3 /* CategoryItemsTableViewCell.xib */ = {isa = PBXFileReference; lastKnownFileType = file.xib; path = CategoryItemsTableViewCell.xib; sourceTree = "<group>"; };
		A9AEE46022DD164E006B7DE3 /* CircleInitialLabel.swift */ = {isa = PBXFileReference; lastKnownFileType = sourcecode.swift; name = CircleInitialLabel.swift; path = ../CircleInitialLabel.swift; sourceTree = "<group>"; };
		A9AEE46322DD16A6006B7DE3 /* CategoryItemHeaderView.swift */ = {isa = PBXFileReference; lastKnownFileType = sourcecode.swift; path = CategoryItemHeaderView.swift; sourceTree = "<group>"; };
		A9AEE46522DD16E2006B7DE3 /* CategoryItemDetailTableViewCell.swift */ = {isa = PBXFileReference; lastKnownFileType = sourcecode.swift; path = CategoryItemDetailTableViewCell.swift; sourceTree = "<group>"; };
		A9AEE46622DD16E2006B7DE3 /* CategoryItemDetailTableViewCell.xib */ = {isa = PBXFileReference; lastKnownFileType = file.xib; path = CategoryItemDetailTableViewCell.xib; sourceTree = "<group>"; };
		A9AEE46922DD1CCC006B7DE3 /* UIViewController+Storyboard.swift */ = {isa = PBXFileReference; lastKnownFileType = sourcecode.swift; path = "UIViewController+Storyboard.swift"; sourceTree = "<group>"; };
		A9AEE46B22DD34CA006B7DE3 /* BaseViewController.swift */ = {isa = PBXFileReference; lastKnownFileType = sourcecode.swift; path = BaseViewController.swift; sourceTree = "<group>"; };
		A9AEE46D22DD35E2006B7DE3 /* NetworkActivityIndicator.swift */ = {isa = PBXFileReference; lastKnownFileType = sourcecode.swift; path = NetworkActivityIndicator.swift; sourceTree = "<group>"; };
		A9AEE46F22DD3779006B7DE3 /* UIViewController+Alert.swift */ = {isa = PBXFileReference; lastKnownFileType = sourcecode.swift; path = "UIViewController+Alert.swift"; sourceTree = "<group>"; };
		A9CF430122DD448E001854F1 /* ItemDetailViewController.swift */ = {isa = PBXFileReference; lastKnownFileType = sourcecode.swift; path = ItemDetailViewController.swift; sourceTree = "<group>"; };
		A9CF430322DD5337001854F1 /* ItemDetailHeaderView.swift */ = {isa = PBXFileReference; lastKnownFileType = sourcecode.swift; path = ItemDetailHeaderView.swift; sourceTree = "<group>"; };
		A9CF430422DD5337001854F1 /* ItemDetailHeaderView.xib */ = {isa = PBXFileReference; lastKnownFileType = file.xib; path = ItemDetailHeaderView.xib; sourceTree = "<group>"; };
		A9CF430A22DD5947001854F1 /* StargazerItemHeaderAdapter.swift */ = {isa = PBXFileReference; lastKnownFileType = sourcecode.swift; path = StargazerItemHeaderAdapter.swift; sourceTree = "<group>"; };
		A9CF430C22DD5FAB001854F1 /* NibLoadableView.swift */ = {isa = PBXFileReference; lastKnownFileType = sourcecode.swift; path = NibLoadableView.swift; sourceTree = "<group>"; };
/* End PBXFileReference section */

/* Begin PBXFrameworksBuildPhase section */
		A980B0B822DBAB6100E26661 /* Frameworks */ = {
			isa = PBXFrameworksBuildPhase;
			buildActionMask = 2147483647;
			files = (
			);
			runOnlyForDeploymentPostprocessing = 0;
		};
/* End PBXFrameworksBuildPhase section */

/* Begin PBXGroup section */
		A980B0B222DBAB6100E26661 = {
			isa = PBXGroup;
			children = (
				A980B0BD22DBAB6100E26661 /* Stargazer */,
				A980B0BC22DBAB6100E26661 /* Products */,
			);
			sourceTree = "<group>";
		};
		A980B0BC22DBAB6100E26661 /* Products */ = {
			isa = PBXGroup;
			children = (
				A980B0BB22DBAB6100E26661 /* Stargazer.app */,
			);
			name = Products;
			sourceTree = "<group>";
		};
		A980B0BD22DBAB6100E26661 /* Stargazer */ = {
			isa = PBXGroup;
			children = (
				A980B0F422DC43D600E26661 /* Utils */,
				A980B0D222DBABC600E26661 /* Models */,
				A980B0E522DC0A1300E26661 /* Plumbing */,
				A980B0BE22DBAB6100E26661 /* AppDelegate.swift */,
				A980B0C022DBAB6100E26661 /* ViewController.swift */,
				A980B0C222DBAB6100E26661 /* Main.storyboard */,
				A980B0C522DBAB6600E26661 /* Assets.xcassets */,
				A980B0C722DBAB6600E26661 /* LaunchScreen.storyboard */,
				A980B0CA22DBAB6600E26661 /* Info.plist */,
				A980B0EA22DC41A600E26661 /* UI */,
			);
			path = Stargazer;
			sourceTree = "<group>";
		};
		A980B0D222DBABC600E26661 /* Models */ = {
			isa = PBXGroup;
			children = (
				A9CF430922DD5922001854F1 /* Adapters */,
				A980B0D022DBABB900E26661 /* StargazerCategories.swift */,
				A980B0E122DBF6AA00E26661 /* StargazerModelProperties.swift */,
				A980B0DF22DBF07C00E26661 /* StargazerHelperModels.swift */,
				A980B0D922DBB4DD00E26661 /* StargazerModels.swift */,
			);
			path = Models;
			sourceTree = "<group>";
		};
		A980B0E522DC0A1300E26661 /* Plumbing */ = {
			isa = PBXGroup;
			children = (
				A980B0E322DC0A0E00E26661 /* StargazerAPI.swift */,
				A9AEE46D22DD35E2006B7DE3 /* NetworkActivityIndicator.swift */,
			);
			path = Plumbing;
			sourceTree = "<group>";
		};
		A980B0EA22DC41A600E26661 /* UI */ = {
			isa = PBXGroup;
			children = (
				A980B0D322DBADF800E26661 /* StargazerImages.swift */,
				A980B0EB22DC41B800E26661 /* Controller */,
				A980B0FD22DCF60900E26661 /* TableCells */,
				A9AEE46222DD1653006B7DE3 /* Views */,
			);
			path = UI;
			sourceTree = "<group>";
		};
		A980B0EB22DC41B800E26661 /* Controller */ = {
			isa = PBXGroup;
			children = (
				A9AEE46B22DD34CA006B7DE3 /* BaseViewController.swift */,
				A980B0F722DCE54A00E26661 /* HomeViewController.swift */,
				A9AEE45A22DD11A0006B7DE3 /* CategoryItemsViewController.swift */,
				A9CF430122DD448E001854F1 /* ItemDetailViewController.swift */,
			);
			path = Controller;
			sourceTree = "<group>";
		};
		A980B0F422DC43D600E26661 /* Utils */ = {
			isa = PBXGroup;
			children = (
				A980B0DB22DBD30600E26661 /* DateUtil.swift */,
				A980B0DD22DBDFE800E26661 /* String+Helpers.swift */,
				A980B0D522DBB2E700E26661 /* StargazerConstants.swift */,
				A980B0F522DCDE5200E26661 /* UIViewController+xib.swift */,
				A9AEE46922DD1CCC006B7DE3 /* UIViewController+Storyboard.swift */,
				A980B10222DD0DB200E26661 /* UITableView+Cell.swift */,
				A9AEE46F22DD3779006B7DE3 /* UIViewController+Alert.swift */,
			);
			path = Utils;
			sourceTree = "<group>";
		};
		A980B0FD22DCF60900E26661 /* TableCells */ = {
			isa = PBXGroup;
			children = (
				A980B0FE22DCF9B600E26661 /* BaseTableViewCell.swift */,
				A980B0F922DCF60300E26661 /* MainCategoryTableViewCell.swift */,
				A980B0FA22DCF60300E26661 /* MainCategoryTableViewCell.xib */,
				A9AEE45C22DD1551006B7DE3 /* CategoryItemsTableViewCell.swift */,
				A9AEE45D22DD1551006B7DE3 /* CategoryItemsTableViewCell.xib */,
				A9AEE46522DD16E2006B7DE3 /* CategoryItemDetailTableViewCell.swift */,
				A9AEE46622DD16E2006B7DE3 /* CategoryItemDetailTableViewCell.xib */,
			);
			path = TableCells;
			sourceTree = "<group>";
		};
		A9AEE46222DD1653006B7DE3 /* Views */ = {
			isa = PBXGroup;
			children = (
				A9AEE46022DD164E006B7DE3 /* CircleInitialLabel.swift */,
				A9AEE46322DD16A6006B7DE3 /* CategoryItemHeaderView.swift */,
				A9CF430C22DD5FAB001854F1 /* NibLoadableView.swift */,
				A9CF430322DD5337001854F1 /* ItemDetailHeaderView.swift */,
				A9CF430422DD5337001854F1 /* ItemDetailHeaderView.xib */,
			);
			path = Views;
			sourceTree = "<group>";
		};
		A9CF430922DD5922001854F1 /* Adapters */ = {
			isa = PBXGroup;
			children = (
				A980B0D722DBB38A00E26661 /* StargazerCategoryItemListAdapter.swift */,
				A980B10022DCFB3800E26661 /* StargazerCategoryAdapter.swift */,
				A9CF430A22DD5947001854F1 /* StargazerItemHeaderAdapter.swift */,
			);
			path = Adapters;
			sourceTree = "<group>";
		};
/* End PBXGroup section */

/* Begin PBXNativeTarget section */
		A980B0BA22DBAB6100E26661 /* Stargazer */ = {
			isa = PBXNativeTarget;
			buildConfigurationList = A980B0CD22DBAB6600E26661 /* Build configuration list for PBXNativeTarget "Stargazer" */;
			buildPhases = (
				A980B0B722DBAB6100E26661 /* Sources */,
				A980B0B822DBAB6100E26661 /* Frameworks */,
				A980B0B922DBAB6100E26661 /* Resources */,
			);
			buildRules = (
			);
			dependencies = (
			);
			name = Stargazer;
			productName = Stargazer;
			productReference = A980B0BB22DBAB6100E26661 /* Stargazer.app */;
			productType = "com.apple.product-type.application";
		};
/* End PBXNativeTarget section */

/* Begin PBXProject section */
		A980B0B322DBAB6100E26661 /* Project object */ = {
			isa = PBXProject;
			attributes = {
				LastSwiftUpdateCheck = 1020;
				LastUpgradeCheck = 1020;
				ORGANIZATIONNAME = "Mihaela MJ";
				TargetAttributes = {
					A980B0BA22DBAB6100E26661 = {
						CreatedOnToolsVersion = 10.2.1;
					};
				};
			};
			buildConfigurationList = A980B0B622DBAB6100E26661 /* Build configuration list for PBXProject "Stargazer" */;
			compatibilityVersion = "Xcode 9.3";
			developmentRegion = en;
			hasScannedForEncodings = 0;
			knownRegions = (
				en,
				Base,
			);
			mainGroup = A980B0B222DBAB6100E26661;
			productRefGroup = A980B0BC22DBAB6100E26661 /* Products */;
			projectDirPath = "";
			projectRoot = "";
			targets = (
				A980B0BA22DBAB6100E26661 /* Stargazer */,
			);
		};
/* End PBXProject section */

/* Begin PBXResourcesBuildPhase section */
		A980B0B922DBAB6100E26661 /* Resources */ = {
			isa = PBXResourcesBuildPhase;
			buildActionMask = 2147483647;
			files = (
				A9CF430622DD5337001854F1 /* ItemDetailHeaderView.xib in Resources */,
				A980B0FC22DCF60300E26661 /* MainCategoryTableViewCell.xib in Resources */,
				A9AEE46822DD16E2006B7DE3 /* CategoryItemDetailTableViewCell.xib in Resources */,
				A9AEE45F22DD1551006B7DE3 /* CategoryItemsTableViewCell.xib in Resources */,
				A980B0C922DBAB6600E26661 /* LaunchScreen.storyboard in Resources */,
				A980B0C622DBAB6600E26661 /* Assets.xcassets in Resources */,
				A980B0C422DBAB6100E26661 /* Main.storyboard in Resources */,
			);
			runOnlyForDeploymentPostprocessing = 0;
		};
/* End PBXResourcesBuildPhase section */

/* Begin PBXSourcesBuildPhase section */
		A980B0B722DBAB6100E26661 /* Sources */ = {
			isa = PBXSourcesBuildPhase;
			buildActionMask = 2147483647;
			files = (
				A9CF430B22DD5947001854F1 /* StargazerItemHeaderAdapter.swift in Sources */,
				A980B0FF22DCF9B600E26661 /* BaseTableViewCell.swift in Sources */,
				A980B10122DCFB3800E26661 /* StargazerCategoryAdapter.swift in Sources */,
				A9AEE45B22DD11A0006B7DE3 /* CategoryItemsViewController.swift in Sources */,
				A980B0F622DCDE5200E26661 /* UIViewController+xib.swift in Sources */,
				A980B0D122DBABB900E26661 /* StargazerCategories.swift in Sources */,
				A980B0D422DBADF800E26661 /* StargazerImages.swift in Sources */,
				A9AEE46422DD16A6006B7DE3 /* CategoryItemHeaderView.swift in Sources */,
				A980B0F822DCE54A00E26661 /* HomeViewController.swift in Sources */,
				A9AEE46722DD16E2006B7DE3 /* CategoryItemDetailTableViewCell.swift in Sources */,
				A980B0E222DBF6AA00E26661 /* StargazerModelProperties.swift in Sources */,
				A9AEE46122DD164E006B7DE3 /* CircleInitialLabel.swift in Sources */,
				A980B0C122DBAB6100E26661 /* ViewController.swift in Sources */,
				A980B0E022DBF07C00E26661 /* StargazerHelperModels.swift in Sources */,
				A9AEE46E22DD35E2006B7DE3 /* NetworkActivityIndicator.swift in Sources */,
				A980B0D622DBB2E700E26661 /* StargazerConstants.swift in Sources */,
				A980B0D822DBB38A00E26661 /* StargazerCategoryItemListAdapter.swift in Sources */,
				A9CF430522DD5337001854F1 /* ItemDetailHeaderView.swift in Sources */,
				A980B10322DD0DB200E26661 /* UITableView+Cell.swift in Sources */,
				A980B0FB22DCF60300E26661 /* MainCategoryTableViewCell.swift in Sources */,
				A9AEE47022DD3779006B7DE3 /* UIViewController+Alert.swift in Sources */,
				A980B0DE22DBDFE800E26661 /* String+Helpers.swift in Sources */,
				A980B0DC22DBD30600E26661 /* DateUtil.swift in Sources */,
				A9CF430D22DD5FAB001854F1 /* NibLoadableView.swift in Sources */,
				A9AEE45E22DD1551006B7DE3 /* CategoryItemsTableViewCell.swift in Sources */,
				A9CF430222DD448E001854F1 /* ItemDetailViewController.swift in Sources */,
				A9AEE46C22DD34CA006B7DE3 /* BaseViewController.swift in Sources */,
				A980B0DA22DBB4DD00E26661 /* StargazerModels.swift in Sources */,
				A980B0E422DC0A0E00E26661 /* StargazerAPI.swift in Sources */,
				A980B0BF22DBAB6100E26661 /* AppDelegate.swift in Sources */,
				A9AEE46A22DD1CCC006B7DE3 /* UIViewController+Storyboard.swift in Sources */,
			);
			runOnlyForDeploymentPostprocessing = 0;
		};
/* End PBXSourcesBuildPhase section */

/* Begin PBXVariantGroup section */
		A980B0C222DBAB6100E26661 /* Main.storyboard */ = {
			isa = PBXVariantGroup;
			children = (
				A980B0C322DBAB6100E26661 /* Base */,
			);
			name = Main.storyboard;
			sourceTree = "<group>";
		};
		A980B0C722DBAB6600E26661 /* LaunchScreen.storyboard */ = {
			isa = PBXVariantGroup;
			children = (
				A980B0C822DBAB6600E26661 /* Base */,
			);
			name = LaunchScreen.storyboard;
			sourceTree = "<group>";
		};
/* End PBXVariantGroup section */

/* Begin XCBuildConfiguration section */
		A980B0CB22DBAB6600E26661 /* Debug */ = {
			isa = XCBuildConfiguration;
			buildSettings = {
				ALWAYS_SEARCH_USER_PATHS = NO;
				CLANG_ANALYZER_NONNULL = YES;
				CLANG_ANALYZER_NUMBER_OBJECT_CONVERSION = YES_AGGRESSIVE;
				CLANG_CXX_LANGUAGE_STANDARD = "gnu++14";
				CLANG_CXX_LIBRARY = "libc++";
				CLANG_ENABLE_MODULES = YES;
				CLANG_ENABLE_OBJC_ARC = YES;
				CLANG_ENABLE_OBJC_WEAK = YES;
				CLANG_WARN_BLOCK_CAPTURE_AUTORELEASING = YES;
				CLANG_WARN_BOOL_CONVERSION = YES;
				CLANG_WARN_COMMA = YES;
				CLANG_WARN_CONSTANT_CONVERSION = YES;
				CLANG_WARN_DEPRECATED_OBJC_IMPLEMENTATIONS = YES;
				CLANG_WARN_DIRECT_OBJC_ISA_USAGE = YES_ERROR;
				CLANG_WARN_DOCUMENTATION_COMMENTS = YES;
				CLANG_WARN_EMPTY_BODY = YES;
				CLANG_WARN_ENUM_CONVERSION = YES;
				CLANG_WARN_INFINITE_RECURSION = YES;
				CLANG_WARN_INT_CONVERSION = YES;
				CLANG_WARN_NON_LITERAL_NULL_CONVERSION = YES;
				CLANG_WARN_OBJC_IMPLICIT_RETAIN_SELF = YES;
				CLANG_WARN_OBJC_LITERAL_CONVERSION = YES;
				CLANG_WARN_OBJC_ROOT_CLASS = YES_ERROR;
				CLANG_WARN_RANGE_LOOP_ANALYSIS = YES;
				CLANG_WARN_STRICT_PROTOTYPES = YES;
				CLANG_WARN_SUSPICIOUS_MOVE = YES;
				CLANG_WARN_UNGUARDED_AVAILABILITY = YES_AGGRESSIVE;
				CLANG_WARN_UNREACHABLE_CODE = YES;
				CLANG_WARN__DUPLICATE_METHOD_MATCH = YES;
				CODE_SIGN_IDENTITY = "iPhone Developer";
				COPY_PHASE_STRIP = NO;
				DEBUG_INFORMATION_FORMAT = dwarf;
				ENABLE_STRICT_OBJC_MSGSEND = YES;
				ENABLE_TESTABILITY = YES;
				GCC_C_LANGUAGE_STANDARD = gnu11;
				GCC_DYNAMIC_NO_PIC = NO;
				GCC_NO_COMMON_BLOCKS = YES;
				GCC_OPTIMIZATION_LEVEL = 0;
				GCC_PREPROCESSOR_DEFINITIONS = (
					"DEBUG=1",
					"$(inherited)",
				);
				GCC_WARN_64_TO_32_BIT_CONVERSION = YES;
				GCC_WARN_ABOUT_RETURN_TYPE = YES_ERROR;
				GCC_WARN_UNDECLARED_SELECTOR = YES;
				GCC_WARN_UNINITIALIZED_AUTOS = YES_AGGRESSIVE;
				GCC_WARN_UNUSED_FUNCTION = YES;
				GCC_WARN_UNUSED_VARIABLE = YES;
				IPHONEOS_DEPLOYMENT_TARGET = 12.2;
				MTL_ENABLE_DEBUG_INFO = INCLUDE_SOURCE;
				MTL_FAST_MATH = YES;
				ONLY_ACTIVE_ARCH = YES;
				SDKROOT = iphoneos;
				SWIFT_ACTIVE_COMPILATION_CONDITIONS = DEBUG;
				SWIFT_OPTIMIZATION_LEVEL = "-Onone";
			};
			name = Debug;
		};
		A980B0CC22DBAB6600E26661 /* Release */ = {
			isa = XCBuildConfiguration;
			buildSettings = {
				ALWAYS_SEARCH_USER_PATHS = NO;
				CLANG_ANALYZER_NONNULL = YES;
				CLANG_ANALYZER_NUMBER_OBJECT_CONVERSION = YES_AGGRESSIVE;
				CLANG_CXX_LANGUAGE_STANDARD = "gnu++14";
				CLANG_CXX_LIBRARY = "libc++";
				CLANG_ENABLE_MODULES = YES;
				CLANG_ENABLE_OBJC_ARC = YES;
				CLANG_ENABLE_OBJC_WEAK = YES;
				CLANG_WARN_BLOCK_CAPTURE_AUTORELEASING = YES;
				CLANG_WARN_BOOL_CONVERSION = YES;
				CLANG_WARN_COMMA = YES;
				CLANG_WARN_CONSTANT_CONVERSION = YES;
				CLANG_WARN_DEPRECATED_OBJC_IMPLEMENTATIONS = YES;
				CLANG_WARN_DIRECT_OBJC_ISA_USAGE = YES_ERROR;
				CLANG_WARN_DOCUMENTATION_COMMENTS = YES;
				CLANG_WARN_EMPTY_BODY = YES;
				CLANG_WARN_ENUM_CONVERSION = YES;
				CLANG_WARN_INFINITE_RECURSION = YES;
				CLANG_WARN_INT_CONVERSION = YES;
				CLANG_WARN_NON_LITERAL_NULL_CONVERSION = YES;
				CLANG_WARN_OBJC_IMPLICIT_RETAIN_SELF = YES;
				CLANG_WARN_OBJC_LITERAL_CONVERSION = YES;
				CLANG_WARN_OBJC_ROOT_CLASS = YES_ERROR;
				CLANG_WARN_RANGE_LOOP_ANALYSIS = YES;
				CLANG_WARN_STRICT_PROTOTYPES = YES;
				CLANG_WARN_SUSPICIOUS_MOVE = YES;
				CLANG_WARN_UNGUARDED_AVAILABILITY = YES_AGGRESSIVE;
				CLANG_WARN_UNREACHABLE_CODE = YES;
				CLANG_WARN__DUPLICATE_METHOD_MATCH = YES;
				CODE_SIGN_IDENTITY = "iPhone Developer";
				COPY_PHASE_STRIP = NO;
				DEBUG_INFORMATION_FORMAT = "dwarf-with-dsym";
				ENABLE_NS_ASSERTIONS = NO;
				ENABLE_STRICT_OBJC_MSGSEND = YES;
				GCC_C_LANGUAGE_STANDARD = gnu11;
				GCC_NO_COMMON_BLOCKS = YES;
				GCC_WARN_64_TO_32_BIT_CONVERSION = YES;
				GCC_WARN_ABOUT_RETURN_TYPE = YES_ERROR;
				GCC_WARN_UNDECLARED_SELECTOR = YES;
				GCC_WARN_UNINITIALIZED_AUTOS = YES_AGGRESSIVE;
				GCC_WARN_UNUSED_FUNCTION = YES;
				GCC_WARN_UNUSED_VARIABLE = YES;
				IPHONEOS_DEPLOYMENT_TARGET = 12.2;
				MTL_ENABLE_DEBUG_INFO = NO;
				MTL_FAST_MATH = YES;
				SDKROOT = iphoneos;
				SWIFT_COMPILATION_MODE = wholemodule;
				SWIFT_OPTIMIZATION_LEVEL = "-O";
				VALIDATE_PRODUCT = YES;
			};
			name = Release;
		};
		A980B0CE22DBAB6600E26661 /* Debug */ = {
			isa = XCBuildConfiguration;
			buildSettings = {
				ASSETCATALOG_COMPILER_APPICON_NAME = AppIcon;
				CODE_SIGN_STYLE = Automatic;
				DEVELOPMENT_TEAM = XBE2EP7T4F;
				INFOPLIST_FILE = Stargazer/Info.plist;
				LD_RUNPATH_SEARCH_PATHS = (
					"$(inherited)",
					"@executable_path/Frameworks",
				);
				PRODUCT_BUNDLE_IDENTIFIER = com.mihaela.Stargazer;
				PRODUCT_NAME = "$(TARGET_NAME)";
				SWIFT_VERSION = 5.0;
				TARGETED_DEVICE_FAMILY = "1,2";
			};
			name = Debug;
		};
		A980B0CF22DBAB6600E26661 /* Release */ = {
			isa = XCBuildConfiguration;
			buildSettings = {
				ASSETCATALOG_COMPILER_APPICON_NAME = AppIcon;
				CODE_SIGN_STYLE = Automatic;
				DEVELOPMENT_TEAM = XBE2EP7T4F;
				INFOPLIST_FILE = Stargazer/Info.plist;
				LD_RUNPATH_SEARCH_PATHS = (
					"$(inherited)",
					"@executable_path/Frameworks",
				);
				PRODUCT_BUNDLE_IDENTIFIER = com.mihaela.Stargazer;
				PRODUCT_NAME = "$(TARGET_NAME)";
				SWIFT_VERSION = 5.0;
				TARGETED_DEVICE_FAMILY = "1,2";
			};
			name = Release;
		};
/* End XCBuildConfiguration section */

/* Begin XCConfigurationList section */
		A980B0B622DBAB6100E26661 /* Build configuration list for PBXProject "Stargazer" */ = {
			isa = XCConfigurationList;
			buildConfigurations = (
				A980B0CB22DBAB6600E26661 /* Debug */,
				A980B0CC22DBAB6600E26661 /* Release */,
			);
			defaultConfigurationIsVisible = 0;
			defaultConfigurationName = Release;
		};
		A980B0CD22DBAB6600E26661 /* Build configuration list for PBXNativeTarget "Stargazer" */ = {
			isa = XCConfigurationList;
			buildConfigurations = (
				A980B0CE22DBAB6600E26661 /* Debug */,
				A980B0CF22DBAB6600E26661 /* Release */,
			);
			defaultConfigurationIsVisible = 0;
			defaultConfigurationName = Release;
		};
/* End XCConfigurationList section */
	};
	rootObject = A980B0B322DBAB6100E26661 /* Project object */;
}
